
Microsoft Visual Studio Solution File, Format Version 12.00
# Visual Studio Version 17
VisualStudioVersion = 17.8.34330.188
MinimumVisualStudioVersion = 10.0.40219.1
Project("{FAE04EC0-301F-11D3-BF4B-00C04F79EFBC}") = "Lab-01", "Lab-01.csproj", "{8E57F70F-83A9-435D-ADC8-81AAC3166E79}"
EndProject
Global
	GlobalSection(SolutionConfigurationPlatforms) = preSolution
		Debug|Any CPU = Debug|Any CPU
		Release|Any CPU = Release|Any CPU
	EndGlobalSection
	GlobalSection(ProjectConfigurationPlatforms) = postSolution
		{8E57F70F-83A9-435D-ADC8-81AAC3166E79}.Debug|Any CPU.ActiveCfg = Debug|Any CPU
		{8E57F70F-83A9-435D-ADC8-81AAC3166E79}.Debug|Any CPU.Build.0 = Debug|Any CPU
		{8E57F70F-83A9-435D-ADC8-81AAC3166E79}.Release|Any CPU.ActiveCfg = Release|Any CPU
		{8E57F70F-83A9-435D-ADC8-81AAC3166E79}.Release|Any CPU.Build.0 = Release|Any CPU
	EndGlobalSection
	GlobalSection(SolutionProperties) = preSolution
		HideSolutionNode = FALSE
	EndGlobalSection
	GlobalSection(ExtensibilityGlobals) = postSolution
		SolutionGuid = {044D300D-1FF0-44E7-8897-DE8CC2C1A441}
	EndGlobalSection
EndGlobal
